
Microsoft Visual Studio Solution File, Format Version 12.00
# Visual Studio Version 17
VisualStudioVersion = 17.5.002.0
MinimumVisualStudioVersion = 10.0.40219.1
Project("{9A19103F-16F7-4668-BE54-9A1E7A4F7556}") = "MiniApiDemo", "MiniApiDemo.csproj", "{107ACE8C-167D-4F16-B257-F392EEE5FBBC}"
EndProject
Global
	GlobalSection(SolutionConfigurationPlatforms) = preSolution
		Debug|Any CPU = Debug|Any CPU
		Release|Any CPU = Release|Any CPU
	EndGlobalSection
	GlobalSection(ProjectConfigurationPlatforms) = postSolution
		{107ACE8C-167D-4F16-B257-F392EEE5FBBC}.Debug|Any CPU.ActiveCfg = Debug|Any CPU
		{107ACE8C-167D-4F16-B257-F392EEE5FBBC}.Debug|Any CPU.Build.0 = Debug|Any CPU
		{107ACE8C-167D-4F16-B257-F392EEE5FBBC}.Release|Any CPU.ActiveCfg = Release|Any CPU
		{107ACE8C-167D-4F16-B257-F392EEE5FBBC}.Release|Any CPU.Build.0 = Release|Any CPU
	EndGlobalSection
	GlobalSection(SolutionProperties) = preSolution
		HideSolutionNode = FALSE
	EndGlobalSection
	GlobalSection(ExtensibilityGlobals) = postSolution
		SolutionGuid = {C9441D2A-A7F4-44DA-BF4E-C06576487D5F}
	EndGlobalSection
EndGlobal
